
Microsoft Visual Studio Solution File, Format Version 12.00
# Visual Studio Version 17
VisualStudioVersion = 17.11.35222.181
MinimumVisualStudioVersion = 10.0.40219.1
Project("{FAE04EC0-301F-11D3-BF4B-00C04F79EFBC}") = "KB14279_XamDataGrid_CellUpdated", "KB14279_XamDataGrid_CellUpdated.csproj", "{3429C804-65DF-41EE-9401-982191A97FB3}"
EndProject
Global
	GlobalSection(SolutionConfigurationPlatforms) = preSolution
		Debug|Any CPU = Debug|Any CPU
		Release|Any CPU = Release|Any CPU
	EndGlobalSection
	GlobalSection(ProjectConfigurationPlatforms) = postSolution
		{3429C804-65DF-41EE-9401-982191A97FB3}.Debug|Any CPU.ActiveCfg = Debug|Any CPU
		{3429C804-65DF-41EE-9401-982191A97FB3}.Debug|Any CPU.Build.0 = Debug|Any CPU
		{3429C804-65DF-41EE-9401-982191A97FB3}.Release|Any CPU.ActiveCfg = Release|Any CPU
		{3429C804-65DF-41EE-9401-982191A97FB3}.Release|Any CPU.Build.0 = Release|Any CPU
	EndGlobalSection
	GlobalSection(SolutionProperties) = preSolution
		HideSolutionNode = FALSE
	EndGlobalSection
	GlobalSection(ExtensibilityGlobals) = postSolution
		SolutionGuid = {761A4BBE-6B6A-4674-A575-107C7616D4A3}
	EndGlobalSection
EndGlobal
